
Microsoft Visual Studio Solution File, Format Version 12.00
# Visual Studio 15
Project("{FAE04EC0-301F-11D3-BF4B-00C04F79EFBC}") = "Assembly-CSharp", "Assembly-CSharp.csproj", "{F452E918-85A1-12B5-A3CF-B3DA53F11A7F}"
EndProject
Project("{FAE04EC0-301F-11D3-BF4B-00C04F79EFBC}") = "NavMeshComponents", "NavMeshComponents.csproj", "{04DB828E-2551-FE66-E314-9F1C35707266}"
EndProject
Project("{FAE04EC0-301F-11D3-BF4B-00C04F79EFBC}") = "NavMeshComponentsEditor", "NavMeshComponentsEditor.csproj", "{F608D9E9-D780-C1A0-FC79-5D9CC42919E4}"
EndProject
Global
	GlobalSection(SolutionConfigurationPlatforms) = preSolution
		Debug|Any CPU = Debug|Any CPU
		Release|Any CPU = Release|Any CPU
	EndGlobalSection
	GlobalSection(ProjectConfigurationPlatforms) = postSolution
		{F452E918-85A1-12B5-A3CF-B3DA53F11A7F}.Debug|Any CPU.ActiveCfg = Debug|Any CPU
		{F452E918-85A1-12B5-A3CF-B3DA53F11A7F}.Debug|Any CPU.Build.0 = Debug|Any CPU
		{F452E918-85A1-12B5-A3CF-B3DA53F11A7F}.Release|Any CPU.ActiveCfg = Release|Any CPU
		{F452E918-85A1-12B5-A3CF-B3DA53F11A7F}.Release|Any CPU.Build.0 = Release|Any CPU
		{04DB828E-2551-FE66-E314-9F1C35707266}.Debug|Any CPU.ActiveCfg = Debug|Any CPU
		{04DB828E-2551-FE66-E314-9F1C35707266}.Debug|Any CPU.Build.0 = Debug|Any CPU
		{04DB828E-2551-FE66-E314-9F1C35707266}.Release|Any CPU.ActiveCfg = Release|Any CPU
		{04DB828E-2551-FE66-E314-9F1C35707266}.Release|Any CPU.Build.0 = Release|Any CPU
		{F608D9E9-D780-C1A0-FC79-5D9CC42919E4}.Debug|Any CPU.ActiveCfg = Debug|Any CPU
		{F608D9E9-D780-C1A0-FC79-5D9CC42919E4}.Debug|Any CPU.Build.0 = Debug|Any CPU
		{F608D9E9-D780-C1A0-FC79-5D9CC42919E4}.Release|Any CPU.ActiveCfg = Release|Any CPU
		{F608D9E9-D780-C1A0-FC79-5D9CC42919E4}.Release|Any CPU.Build.0 = Release|Any CPU
	EndGlobalSection
	GlobalSection(SolutionProperties) = preSolution
		HideSolutionNode = FALSE
	EndGlobalSection
EndGlobal
